<Solution>
  <Folder Name="/src/">
    <Project Path="src/AvahiDbus/AvahiDbus.csproj" />
    <Project Path="src/ModemManagerDbus/ModemManagerDbus.csproj" />
    <Project Path="src/NetworkManagerDbus/NetworkManagerDbus.csproj" />
  </Folder>
  <Folder Name="/tests/">
    <Project Path="tests/NetworkManagerDbus.Tests/NetworkManagerDbus.Tests.csproj" />
  </Folder>
</Solution>
